
Microsoft Visual Studio Solution File, Format Version 12.00
# Visual Studio Version 17
VisualStudioVersion = 17.7.34024.191
MinimumVisualStudioVersion = 10.0.40219.1
Project("{9A19103F-16F7-4668-BE54-9A1E7A4F7556}") = "Praktika 3", "Praktika 3\Praktika 3.csproj", "{525E1A2E-1215-4D0F-8931-0D77ECA53B08}"
EndProject
Project("{9A19103F-16F7-4668-BE54-9A1E7A4F7556}") = "Praktika 3.2", "Praktika 3.2\Praktika 3.2.csproj", "{AE8E5517-79E4-4485-9A9D-25CA0ECE8C1B}"
EndProject
Project("{9A19103F-16F7-4668-BE54-9A1E7A4F7556}") = "Praktika 3.3", "Praktika 3.3\Praktika 3.3.csproj", "{E5541D62-45A2-4DC7-ADB6-BB7B53483464}"
EndProject
Project("{9A19103F-16F7-4668-BE54-9A1E7A4F7556}") = "Praktika 3.4", "Praktika 3.4\Praktika 3.4.csproj", "{65568B55-43F9-4AA4-BC34-BEAB82F67E70}"
EndProject
Project("{FAE04EC0-301F-11D3-BF4B-00C04F79EFBC}") = "Praktika 3.5", "Praktika 3.5\Praktika 3.5.csproj", "{15812CEC-B008-42D1-92FA-7E5B2430B75E}"
EndProject
Global
	GlobalSection(SolutionConfigurationPlatforms) = preSolution
		Debug|Any CPU = Debug|Any CPU
		Release|Any CPU = Release|Any CPU
	EndGlobalSection
	GlobalSection(ProjectConfigurationPlatforms) = postSolution
		{525E1A2E-1215-4D0F-8931-0D77ECA53B08}.Debug|Any CPU.ActiveCfg = Debug|Any CPU
		{525E1A2E-1215-4D0F-8931-0D77ECA53B08}.Debug|Any CPU.Build.0 = Debug|Any CPU
		{525E1A2E-1215-4D0F-8931-0D77ECA53B08}.Release|Any CPU.ActiveCfg = Release|Any CPU
		{525E1A2E-1215-4D0F-8931-0D77ECA53B08}.Release|Any CPU.Build.0 = Release|Any CPU
		{AE8E5517-79E4-4485-9A9D-25CA0ECE8C1B}.Debug|Any CPU.ActiveCfg = Debug|Any CPU
		{AE8E5517-79E4-4485-9A9D-25CA0ECE8C1B}.Debug|Any CPU.Build.0 = Debug|Any CPU
		{AE8E5517-79E4-4485-9A9D-25CA0ECE8C1B}.Release|Any CPU.ActiveCfg = Release|Any CPU
		{AE8E5517-79E4-4485-9A9D-25CA0ECE8C1B}.Release|Any CPU.Build.0 = Release|Any CPU
		{E5541D62-45A2-4DC7-ADB6-BB7B53483464}.Debug|Any CPU.ActiveCfg = Debug|Any CPU
		{E5541D62-45A2-4DC7-ADB6-BB7B53483464}.Debug|Any CPU.Build.0 = Debug|Any CPU
		{E5541D62-45A2-4DC7-ADB6-BB7B53483464}.Release|Any CPU.ActiveCfg = Release|Any CPU
		{E5541D62-45A2-4DC7-ADB6-BB7B53483464}.Release|Any CPU.Build.0 = Release|Any CPU
		{65568B55-43F9-4AA4-BC34-BEAB82F67E70}.Debug|Any CPU.ActiveCfg = Debug|Any CPU
		{65568B55-43F9-4AA4-BC34-BEAB82F67E70}.Debug|Any CPU.Build.0 = Debug|Any CPU
		{65568B55-43F9-4AA4-BC34-BEAB82F67E70}.Release|Any CPU.ActiveCfg = Release|Any CPU
		{65568B55-43F9-4AA4-BC34-BEAB82F67E70}.Release|Any CPU.Build.0 = Release|Any CPU
		{15812CEC-B008-42D1-92FA-7E5B2430B75E}.Debug|Any CPU.ActiveCfg = Debug|Any CPU
		{15812CEC-B008-42D1-92FA-7E5B2430B75E}.Debug|Any CPU.Build.0 = Debug|Any CPU
		{15812CEC-B008-42D1-92FA-7E5B2430B75E}.Release|Any CPU.ActiveCfg = Release|Any CPU
		{15812CEC-B008-42D1-92FA-7E5B2430B75E}.Release|Any CPU.Build.0 = Release|Any CPU
	EndGlobalSection
	GlobalSection(SolutionProperties) = preSolution
		HideSolutionNode = FALSE
	EndGlobalSection
	GlobalSection(ExtensibilityGlobals) = postSolution
		SolutionGuid = {87A9CB34-5C5A-4481-ADFF-79594D9C410D}
	EndGlobalSection
EndGlobal
